
Microsoft Visual Studio Solution File, Format Version 12.00
# Visual Studio 15
VisualStudioVersion = 15.0.28307.489
MinimumVisualStudioVersion = 10.0.40219.1
Project("{9A19103F-16F7-4668-BE54-9A1E7A4F7556}") = "MovieCritique", "MovieCritique\MovieCritique.csproj", "{6C4A7E1C-F6B5-4704-804D-987B15EECEC7}"
EndProject
Project("{FAE04EC0-301F-11D3-BF4B-00C04F79EFBC}") = "MovieCritiqueAPI", "MovieCritiqueAPI\MovieCritiqueAPI.csproj", "{D24BD161-424C-4B3A-B605-239B27CABD49}"
EndProject
Global
	GlobalSection(SolutionConfigurationPlatforms) = preSolution
		Debug|Any CPU = Debug|Any CPU
		Release|Any CPU = Release|Any CPU
	EndGlobalSection
	GlobalSection(ProjectConfigurationPlatforms) = postSolution
		{6C4A7E1C-F6B5-4704-804D-987B15EECEC7}.Debug|Any CPU.ActiveCfg = Debug|Any CPU
		{6C4A7E1C-F6B5-4704-804D-987B15EECEC7}.Debug|Any CPU.Build.0 = Debug|Any CPU
		{6C4A7E1C-F6B5-4704-804D-987B15EECEC7}.Release|Any CPU.ActiveCfg = Release|Any CPU
		{6C4A7E1C-F6B5-4704-804D-987B15EECEC7}.Release|Any CPU.Build.0 = Release|Any CPU
		{D24BD161-424C-4B3A-B605-239B27CABD49}.Debug|Any CPU.ActiveCfg = Debug|Any CPU
		{D24BD161-424C-4B3A-B605-239B27CABD49}.Debug|Any CPU.Build.0 = Debug|Any CPU
		{D24BD161-424C-4B3A-B605-239B27CABD49}.Release|Any CPU.ActiveCfg = Release|Any CPU
		{D24BD161-424C-4B3A-B605-239B27CABD49}.Release|Any CPU.Build.0 = Release|Any CPU
	EndGlobalSection
	GlobalSection(SolutionProperties) = preSolution
		HideSolutionNode = FALSE
	EndGlobalSection
	GlobalSection(ExtensibilityGlobals) = postSolution
		SolutionGuid = {89A7145E-76E5-4492-B28F-C32569D89BDA}
	EndGlobalSection
EndGlobal
